<?xml version="1.0" encoding="utf-8"?>
<Project ToolsVersion="4.0" xmlns="http://schemas.microsoft.com/developer/msbuild/2003">
  <ItemGroup>
    <Filter Include="Resources">
      <UniqueIdentifier>{67DA6AB6-F800-4c08-8B7A-83BB121AAD01}</UniqueIdentifier>
      <Extensions>rc;ico;cur;bmp;dlg;rc2;rct;bin;rgs;gif;jpg;jpeg;jpe;resx;tiff;tif;png;wav;mfcribbon-ms</Extensions>
    </Filter>
    <Filter Include="tests">
      <UniqueIdentifier>{dd13e98e-68c6-4f01-8fd3-0e1c8a0e98cb}</UniqueIdentifier>
    </Filter>
  </ItemGroup>
  <ItemGroup>
    <Image Include="..\resources\app_large.ico">
      <Filter>Resources</Filter>
    </Image>
    <Image Include="..\resources\app_small.ico">
      <Filter>Resources</Filter>
    </Image>
  </ItemGroup>
  <ItemGroup>
    <ClInclude Include="..\resources\resource.h">
      <Filter>Resources</Filter>
    </ClInclude>
    <ClInclude Include="..\test_runner_window.h" />
    <ClInclude Include="..\test_util.h" />
    <ClInclude Include="..\device_context_tests.h">
      <Filter>tests</Filter>
    </ClInclude>
    <ClInclude Include="..\gdi_object_tests.h">
      <Filter>tests</Filter>
    </ClInclude>
    <ClInclude Include="..\geometry_tests.h">
      <Filter>tests</Filter>
    </ClInclude>
    <ClInclude Include="..\message_util_tests.h">
      <Filter>tests</Filter>
    </ClInclude>
    <ClInclude Include="..\registry_tests.h">
      <Filter>tests</Filter>
    </ClInclude>
    <ClInclude Include="..\timer_tests.h">
      <Filter>tests</Filter>
    </ClInclude>
    <ClInclude Include="..\tstring_tests.h">
      <Filter>tests</Filter>
    </ClInclude>
    <ClInclude Include="..\window_tests.h">
      <Filter>tests</Filter>
    </ClInclude>
    <ClInclude Include="..\targetver.h" />
  </ItemGroup>
  <ItemGroup>
    <ResourceCompile Include="..\resources\win32_util_tests.rc">
      <Filter>Resources</Filter>
    </ResourceCompile>
  </ItemGroup>
  <ItemGroup>
    <ClCompile Include="..\test_runner_window.cpp" />
    <ClCompile Include="..\test_util.cpp" />
    <ClCompile Include="..\win32_util_tests.cpp" />
    <ClCompile Include="..\device_context_tests.cpp">
      <Filter>tests</Filter>
    </ClCompile>
    <ClCompile Include="..\gdi_object_tests.cpp">
      <Filter>tests</Filter>
    </ClCompile>
    <ClCompile Include="..\geometry_tests.cpp">
      <Filter>tests</Filter>
    </ClCompile>
    <ClCompile Include="..\message_util_tests.cpp">
      <Filter>tests</Filter>
    </ClCompile>
    <ClCompile Include="..\registry_tests.cpp">
      <Filter>tests</Filter>
    </ClCompile>
    <ClCompile Include="..\timer_tests.cpp">
      <Filter>tests</Filter>
    </ClCompile>
    <ClCompile Include="..\tstring_tests.cpp">
      <Filter>tests</Filter>
    </ClCompile>
    <ClCompile Include="..\window_tests.cpp">
      <Filter>tests</Filter>
    </ClCompile>
  </ItemGroup>
</Project>